
Microsoft Visual Studio Solution File, Format Version 12.00
# Visual Studio 15
VisualStudioVersion = 15.0.27703.2026
MinimumVisualStudioVersion = 10.0.40219.1
Project("{FAE04EC0-301F-11D3-BF4B-00C04F79EFBC}") = "KPRestoration", "KPRestoration\KPRestoration.csproj", "{DC68457B-299B-4BC4-B26C-C5DE0F756189}"
EndProject
Global
	GlobalSection(SolutionConfigurationPlatforms) = preSolution
		Debug|Any CPU = Debug|Any CPU
		Release|Any CPU = Release|Any CPU
	EndGlobalSection
	GlobalSection(ProjectConfigurationPlatforms) = postSolution
		{DC68457B-299B-4BC4-B26C-C5DE0F756189}.Debug|Any CPU.ActiveCfg = Debug|Any CPU
		{DC68457B-299B-4BC4-B26C-C5DE0F756189}.Debug|Any CPU.Build.0 = Debug|Any CPU
		{DC68457B-299B-4BC4-B26C-C5DE0F756189}.Release|Any CPU.ActiveCfg = Release|Any CPU
		{DC68457B-299B-4BC4-B26C-C5DE0F756189}.Release|Any CPU.Build.0 = Release|Any CPU
	EndGlobalSection
	GlobalSection(SolutionProperties) = preSolution
		HideSolutionNode = FALSE
	EndGlobalSection
	GlobalSection(ExtensibilityGlobals) = postSolution
		SolutionGuid = {321ECDD6-2FDE-471E-B244-4199FC2AB6BF}
	EndGlobalSection
EndGlobal
